
Microsoft Visual Studio Solution File, Format Version 12.00
# Visual Studio 15
VisualStudioVersion = 15.0.26430.6
MinimumVisualStudioVersion = 10.0.40219.1
Project("{FAE04EC0-301F-11D3-BF4B-00C04F79EFBC}") = "P013", "P013.csproj", "{E38FB75B-08A3-4C0C-A442-498FFEEA57D0}"
EndProject
Project("{FAE04EC0-301F-11D3-BF4B-00C04F79EFBC}") = "P016", "..\P016\P016.csproj", "{E69C9C09-ADE7-4CFC-B78A-5B6E0865982F}"
EndProject
Project("{FAE04EC0-301F-11D3-BF4B-00C04F79EFBC}") = "P017", "P017\P017.csproj", "{C52CA05A-33A8-4CD7-BF40-E169C50E40CF}"
EndProject
Project("{FAE04EC0-301F-11D3-BF4B-00C04F79EFBC}") = "P019", "..\P019\P019.csproj", "{C45042F9-D32A-4266-9B31-0BD8A9E304C0}"
EndProject
Project("{FAE04EC0-301F-11D3-BF4B-00C04F79EFBC}") = "P020", "P020\P020.csproj", "{4FC43C3C-853D-4359-9C75-81A06344D2CC}"
EndProject
Global
	GlobalSection(SolutionConfigurationPlatforms) = preSolution
		Debug|Any CPU = Debug|Any CPU
		Release|Any CPU = Release|Any CPU
	EndGlobalSection
	GlobalSection(ProjectConfigurationPlatforms) = postSolution
		{E38FB75B-08A3-4C0C-A442-498FFEEA57D0}.Debug|Any CPU.ActiveCfg = Debug|Any CPU
		{E38FB75B-08A3-4C0C-A442-498FFEEA57D0}.Debug|Any CPU.Build.0 = Debug|Any CPU
		{E38FB75B-08A3-4C0C-A442-498FFEEA57D0}.Release|Any CPU.ActiveCfg = Release|Any CPU
		{E38FB75B-08A3-4C0C-A442-498FFEEA57D0}.Release|Any CPU.Build.0 = Release|Any CPU
		{E69C9C09-ADE7-4CFC-B78A-5B6E0865982F}.Debug|Any CPU.ActiveCfg = Debug|Any CPU
		{E69C9C09-ADE7-4CFC-B78A-5B6E0865982F}.Debug|Any CPU.Build.0 = Debug|Any CPU
		{E69C9C09-ADE7-4CFC-B78A-5B6E0865982F}.Release|Any CPU.ActiveCfg = Release|Any CPU
		{E69C9C09-ADE7-4CFC-B78A-5B6E0865982F}.Release|Any CPU.Build.0 = Release|Any CPU
		{C52CA05A-33A8-4CD7-BF40-E169C50E40CF}.Debug|Any CPU.ActiveCfg = Debug|Any CPU
		{C52CA05A-33A8-4CD7-BF40-E169C50E40CF}.Debug|Any CPU.Build.0 = Debug|Any CPU
		{C52CA05A-33A8-4CD7-BF40-E169C50E40CF}.Release|Any CPU.ActiveCfg = Release|Any CPU
		{C52CA05A-33A8-4CD7-BF40-E169C50E40CF}.Release|Any CPU.Build.0 = Release|Any CPU
		{C45042F9-D32A-4266-9B31-0BD8A9E304C0}.Debug|Any CPU.ActiveCfg = Debug|Any CPU
		{C45042F9-D32A-4266-9B31-0BD8A9E304C0}.Debug|Any CPU.Build.0 = Debug|Any CPU
		{C45042F9-D32A-4266-9B31-0BD8A9E304C0}.Release|Any CPU.ActiveCfg = Release|Any CPU
		{C45042F9-D32A-4266-9B31-0BD8A9E304C0}.Release|Any CPU.Build.0 = Release|Any CPU
		{4FC43C3C-853D-4359-9C75-81A06344D2CC}.Debug|Any CPU.ActiveCfg = Debug|Any CPU
		{4FC43C3C-853D-4359-9C75-81A06344D2CC}.Debug|Any CPU.Build.0 = Debug|Any CPU
		{4FC43C3C-853D-4359-9C75-81A06344D2CC}.Release|Any CPU.ActiveCfg = Release|Any CPU
		{4FC43C3C-853D-4359-9C75-81A06344D2CC}.Release|Any CPU.Build.0 = Release|Any CPU
	EndGlobalSection
	GlobalSection(SolutionProperties) = preSolution
		HideSolutionNode = FALSE
	EndGlobalSection
EndGlobal
